
Microsoft Visual Studio Solution File, Format Version 12.00
# Visual Studio Version 16
VisualStudioVersion = 16.0.30309.148
MinimumVisualStudioVersion = 10.0.40219.1
Project("{FAE04EC0-301F-11D3-BF4B-00C04F79EFBC}") = "WebSiteAssignment2", "WebSiteAssignment2\WebSiteAssignment2.csproj", "{AC146537-6A54-40A1-AB5A-739A0D18D27E}"
EndProject
Global
	GlobalSection(SolutionConfigurationPlatforms) = preSolution
		Debug|Any CPU = Debug|Any CPU
		Release|Any CPU = Release|Any CPU
	EndGlobalSection
	GlobalSection(ProjectConfigurationPlatforms) = postSolution
		{AC146537-6A54-40A1-AB5A-739A0D18D27E}.Debug|Any CPU.ActiveCfg = Debug|Any CPU
		{AC146537-6A54-40A1-AB5A-739A0D18D27E}.Debug|Any CPU.Build.0 = Debug|Any CPU
		{AC146537-6A54-40A1-AB5A-739A0D18D27E}.Release|Any CPU.ActiveCfg = Release|Any CPU
		{AC146537-6A54-40A1-AB5A-739A0D18D27E}.Release|Any CPU.Build.0 = Release|Any CPU
	EndGlobalSection
	GlobalSection(SolutionProperties) = preSolution
		HideSolutionNode = FALSE
	EndGlobalSection
	GlobalSection(ExtensibilityGlobals) = postSolution
		SolutionGuid = {20AFD7F2-CF07-4F41-A435-6F92A527CB5C}
	EndGlobalSection
EndGlobal
